
Microsoft Visual Studio Solution File, Format Version 12.00
# Visual Studio Version 17
VisualStudioVersion = 17.7.34031.279
MinimumVisualStudioVersion = 10.0.40219.1
Project("{9A19103F-16F7-4668-BE54-9A1E7A4F7556}") = "Domain", "Domain\Domain.csproj", "{F7DE93BF-C688-4EBA-8C0E-33A4939F7D52}"
EndProject
Project("{9A19103F-16F7-4668-BE54-9A1E7A4F7556}") = "Infrastructure", "Infrastructure\Infrastructure.csproj", "{12C5CF9D-6A74-407D-9054-7F71E31BE9ED}"
EndProject
Project("{9A19103F-16F7-4668-BE54-9A1E7A4F7556}") = "API", "API\API.csproj", "{4275BA16-1AFA-4F6E-904B-CD630943976D}"
EndProject
Project("{9A19103F-16F7-4668-BE54-9A1E7A4F7556}") = "Application", "Application\Application.csproj", "{7373912B-6A60-466A-82ED-586F9E7291DD}"
EndProject
Project("{9A19103F-16F7-4668-BE54-9A1E7A4F7556}") = "Test", "Test\Test.csproj", "{79EACA22-2BC4-44E7-AFB7-5D0E475435A5}"
EndProject
Global
	GlobalSection(SolutionConfigurationPlatforms) = preSolution
		Debug|Any CPU = Debug|Any CPU
		Release|Any CPU = Release|Any CPU
	EndGlobalSection
	GlobalSection(ProjectConfigurationPlatforms) = postSolution
		{F7DE93BF-C688-4EBA-8C0E-33A4939F7D52}.Debug|Any CPU.ActiveCfg = Debug|Any CPU
		{F7DE93BF-C688-4EBA-8C0E-33A4939F7D52}.Debug|Any CPU.Build.0 = Debug|Any CPU
		{F7DE93BF-C688-4EBA-8C0E-33A4939F7D52}.Release|Any CPU.ActiveCfg = Release|Any CPU
		{F7DE93BF-C688-4EBA-8C0E-33A4939F7D52}.Release|Any CPU.Build.0 = Release|Any CPU
		{12C5CF9D-6A74-407D-9054-7F71E31BE9ED}.Debug|Any CPU.ActiveCfg = Debug|Any CPU
		{12C5CF9D-6A74-407D-9054-7F71E31BE9ED}.Debug|Any CPU.Build.0 = Debug|Any CPU
		{12C5CF9D-6A74-407D-9054-7F71E31BE9ED}.Release|Any CPU.ActiveCfg = Release|Any CPU
		{12C5CF9D-6A74-407D-9054-7F71E31BE9ED}.Release|Any CPU.Build.0 = Release|Any CPU
		{4275BA16-1AFA-4F6E-904B-CD630943976D}.Debug|Any CPU.ActiveCfg = Debug|Any CPU
		{4275BA16-1AFA-4F6E-904B-CD630943976D}.Debug|Any CPU.Build.0 = Debug|Any CPU
		{4275BA16-1AFA-4F6E-904B-CD630943976D}.Release|Any CPU.ActiveCfg = Release|Any CPU
		{4275BA16-1AFA-4F6E-904B-CD630943976D}.Release|Any CPU.Build.0 = Release|Any CPU
		{7373912B-6A60-466A-82ED-586F9E7291DD}.Debug|Any CPU.ActiveCfg = Debug|Any CPU
		{7373912B-6A60-466A-82ED-586F9E7291DD}.Debug|Any CPU.Build.0 = Debug|Any CPU
		{7373912B-6A60-466A-82ED-586F9E7291DD}.Release|Any CPU.ActiveCfg = Release|Any CPU
		{7373912B-6A60-466A-82ED-586F9E7291DD}.Release|Any CPU.Build.0 = Release|Any CPU
		{79EACA22-2BC4-44E7-AFB7-5D0E475435A5}.Debug|Any CPU.ActiveCfg = Debug|Any CPU
		{79EACA22-2BC4-44E7-AFB7-5D0E475435A5}.Debug|Any CPU.Build.0 = Debug|Any CPU
		{79EACA22-2BC4-44E7-AFB7-5D0E475435A5}.Release|Any CPU.ActiveCfg = Release|Any CPU
		{79EACA22-2BC4-44E7-AFB7-5D0E475435A5}.Release|Any CPU.Build.0 = Release|Any CPU
	EndGlobalSection
	GlobalSection(SolutionProperties) = preSolution
		HideSolutionNode = FALSE
	EndGlobalSection
	GlobalSection(ExtensibilityGlobals) = postSolution
		SolutionGuid = {988A570E-D4D6-4E0E-8AEE-1F672FBEF484}
	EndGlobalSection
EndGlobal
